
Microsoft Visual Studio Solution File, Format Version 12.00
# Visual Studio 15
VisualStudioVersion = 15.0.27130.2024
MinimumVisualStudioVersion = 10.0.40219.1
Project("{FAE04EC0-301F-11D3-BF4B-00C04F79EFBC}") = "ProductsWebService", "ProductsWebService\ProductsWebService.csproj", "{7D371BAB-B86A-4820-91B0-365BB93D0523}"
EndProject
Project("{FAE04EC0-301F-11D3-BF4B-00C04F79EFBC}") = "ProductsWebService.Tests", "ProductsWebService.Tests\ProductsWebService.Tests.csproj", "{4436597C-A30D-48BB-8FA6-1682FC34BBE3}"
EndProject
Global
	GlobalSection(SolutionConfigurationPlatforms) = preSolution
		Debug|Any CPU = Debug|Any CPU
		Release|Any CPU = Release|Any CPU
	EndGlobalSection
	GlobalSection(ProjectConfigurationPlatforms) = postSolution
		{7D371BAB-B86A-4820-91B0-365BB93D0523}.Debug|Any CPU.ActiveCfg = Debug|Any CPU
		{7D371BAB-B86A-4820-91B0-365BB93D0523}.Debug|Any CPU.Build.0 = Debug|Any CPU
		{7D371BAB-B86A-4820-91B0-365BB93D0523}.Release|Any CPU.ActiveCfg = Release|Any CPU
		{7D371BAB-B86A-4820-91B0-365BB93D0523}.Release|Any CPU.Build.0 = Release|Any CPU
		{4436597C-A30D-48BB-8FA6-1682FC34BBE3}.Debug|Any CPU.ActiveCfg = Debug|Any CPU
		{4436597C-A30D-48BB-8FA6-1682FC34BBE3}.Debug|Any CPU.Build.0 = Debug|Any CPU
		{4436597C-A30D-48BB-8FA6-1682FC34BBE3}.Release|Any CPU.ActiveCfg = Release|Any CPU
		{4436597C-A30D-48BB-8FA6-1682FC34BBE3}.Release|Any CPU.Build.0 = Release|Any CPU
	EndGlobalSection
	GlobalSection(SolutionProperties) = preSolution
		HideSolutionNode = FALSE
	EndGlobalSection
	GlobalSection(ExtensibilityGlobals) = postSolution
		SolutionGuid = {BB15C73E-D2ED-41E5-9049-2B3F819B2CCF}
	EndGlobalSection
EndGlobal
